// !$*UTF8*$!
{
	archiveVersion = 1;
	classes = {
	};
	objectVersion = 77;
	objects = {

/* Begin PBXBuildFile section */
		4B63F55E2E27905E0033116D /* 搜索白.png in Resources */ = {isa = PBXBuildFile; fileRef = 4B63F55D2E27905E0033116D /* 搜索白.png */; };
		4B63F5642E27955E0033116D /* 菜单白.png in Resources */ = {isa = PBXBuildFile; fileRef = 4B63F5632E27955E0033116D /* 菜单白.png */; };
		4B63F5682E2795E80033116D /* 三点白.png in Resources */ = {isa = PBXBuildFile; fileRef = 4B63F5672E2795E70033116D /* 三点白.png */; };
		4B63F7182E2A41D70033116D /* 开始播放.png in Resources */ = {isa = PBXBuildFile; fileRef = 4B63F7172E2A41D70033116D /* 开始播放.png */; };
		4B63F7192E2A41D70033116D /* 播放.png in Resources */ = {isa = PBXBuildFile; fileRef = 4B63F7162E2A41D70033116D /* 播放.png */; };
		4BBAEF322E25F8FA0038485D /* 笔记.png in Resources */ = {isa = PBXBuildFile; fileRef = 4BBAEF2D2E25F8FA0038485D /* 笔记.png */; };
		4BBAEF332E25F8FA0038485D /* 无限.png in Resources */ = {isa = PBXBuildFile; fileRef = 4BBAEF302E25F8FA0038485D /* 无限.png */; };
		4BBAEF342E25F8FA0038485D /* 推荐.png in Resources */ = {isa = PBXBuildFile; fileRef = 4BBAEF2E2E25F8FA0038485D /* 推荐.png */; };
		4BBAEF362E25F93C0038485D /* 我的.png in Resources */ = {isa = PBXBuildFile; fileRef = 4BBAEF352E25F93C0038485D /* 我的.png */; };
		4BBAEF632E2626CD0038485D /* 菜单黑.png in Resources */ = {isa = PBXBuildFile; fileRef = 4BBAEF622E2626CD0038485D /* 菜单黑.png */; };
		4BBAEF652E262C250038485D /* 网易云.jpg in Resources */ = {isa = PBXBuildFile; fileRef = 4BBAEF642E262C250038485D /* 网易云.jpg */; };
		4BBAEF932E2632040038485D /* 听歌识曲.png in Resources */ = {isa = PBXBuildFile; fileRef = 4BBAEF922E2632040038485D /* 听歌识曲.png */; };
		4BBAEF9C2E2644670038485D /* firimage5.jpg in Resources */ = {isa = PBXBuildFile; fileRef = 4BBAEF9B2E2644670038485D /* firimage5.jpg */; };
		4BBAEF9D2E2644670038485D /* firimage3.jpg in Resources */ = {isa = PBXBuildFile; fileRef = 4BBAEF992E2644670038485D /* firimage3.jpg */; };
		4BBAEF9E2E2644670038485D /* firimage4.jpg in Resources */ = {isa = PBXBuildFile; fileRef = 4BBAEF9A2E2644670038485D /* firimage4.jpg */; };
		4BBAEF9F2E2644670038485D /* firimage1.jpg in Resources */ = {isa = PBXBuildFile; fileRef = 4BBAEF972E2644670038485D /* firimage1.jpg */; };
		4BBAEFA02E2644670038485D /* firimage2.jpg in Resources */ = {isa = PBXBuildFile; fileRef = 4BBAEF982E2644670038485D /* firimage2.jpg */; };
		4BBAEFA62E2658330038485D /* secimage4.jpg in Resources */ = {isa = PBXBuildFile; fileRef = 4BBAEFA42E2658330038485D /* secimage4.jpg */; };
		4BBAEFA72E2658330038485D /* secimage2.jpg in Resources */ = {isa = PBXBuildFile; fileRef = 4BBAEFA22E2658330038485D /* secimage2.jpg */; };
		4BBAEFA82E2658330038485D /* secimage5.jpg in Resources */ = {isa = PBXBuildFile; fileRef = 4BBAEFA52E2658330038485D /* secimage5.jpg */; };
		4BBAEFA92E2658330038485D /* secimage1.jpg in Resources */ = {isa = PBXBuildFile; fileRef = 4BBAEFA12E2658330038485D /* secimage1.jpg */; };
		4BBAEFAA2E2658330038485D /* secimage3.jpg in Resources */ = {isa = PBXBuildFile; fileRef = 4BBAEFA32E2658330038485D /* secimage3.jpg */; };
		4BBAEFAC2E26583A0038485D /* secimage6.jpg in Resources */ = {isa = PBXBuildFile; fileRef = 4BBAEFAB2E26583A0038485D /* secimage6.jpg */; };
/* End PBXBuildFile section */

/* Begin PBXContainerItemProxy section */
		4BBAEEBC2E25E1650038485D /* PBXContainerItemProxy */ = {
			isa = PBXContainerItemProxy;
			containerPortal = 4BBAEE982E25E1630038485D /* Project object */;
			proxyType = 1;
			remoteGlobalIDString = 4BBAEE9F2E25E1630038485D;
			remoteInfo = "网易云音乐";
		};
		4BBAEEC62E25E1650038485D /* PBXContainerItemProxy */ = {
			isa = PBXContainerItemProxy;
			containerPortal = 4BBAEE982E25E1630038485D /* Project object */;
			proxyType = 1;
			remoteGlobalIDString = 4BBAEE9F2E25E1630038485D;
			remoteInfo = "网易云音乐";
		};
/* End PBXContainerItemProxy section */

/* Begin PBXFileReference section */
		4B63F55D2E27905E0033116D /* 搜索白.png */ = {isa = PBXFileReference; lastKnownFileType = image.png; path = "搜索白.png"; sourceTree = "<group>"; };
		4B63F5632E27955E0033116D /* 菜单白.png */ = {isa = PBXFileReference; lastKnownFileType = image.png; path = "菜单白.png"; sourceTree = "<group>"; };
		4B63F5672E2795E70033116D /* 三点白.png */ = {isa = PBXFileReference; lastKnownFileType = image.png; path = "三点白.png"; sourceTree = "<group>"; };
		4B63F7162E2A41D70033116D /* 播放.png */ = {isa = PBXFileReference; lastKnownFileType = image.png; path = "播放.png"; sourceTree = "<group>"; };
		4B63F7172E2A41D70033116D /* 开始播放.png */ = {isa = PBXFileReference; lastKnownFileType = image.png; path = "开始播放.png"; sourceTree = "<group>"; };
		4BBAEEA02E25E1630038485D /* 网易云音乐.app */ = {isa = PBXFileReference; explicitFileType = wrapper.application; includeInIndex = 0; path = "网易云音乐.app"; sourceTree = BUILT_PRODUCTS_DIR; };
		4BBAEEBB2E25E1650038485D /* 网易云音乐Tests.xctest */ = {isa = PBXFileReference; explicitFileType = wrapper.cfbundle; includeInIndex = 0; path = "网易云音乐Tests.xctest"; sourceTree = BUILT_PRODUCTS_DIR; };
		4BBAEEC52E25E1650038485D /* 网易云音乐UITests.xctest */ = {isa = PBXFileReference; explicitFileType = wrapper.cfbundle; includeInIndex = 0; path = "网易云音乐UITests.xctest"; sourceTree = BUILT_PRODUCTS_DIR; };
		4BBAEF2D2E25F8FA0038485D /* 笔记.png */ = {isa = PBXFileReference; lastKnownFileType = image.png; path = "笔记.png"; sourceTree = "<group>"; };
		4BBAEF2E2E25F8FA0038485D /* 推荐.png */ = {isa = PBXFileReference; lastKnownFileType = image.png; path = "推荐.png"; sourceTree = "<group>"; };
		4BBAEF302E25F8FA0038485D /* 无限.png */ = {isa = PBXFileReference; lastKnownFileType = image.png; path = "无限.png"; sourceTree = "<group>"; };
		4BBAEF352E25F93C0038485D /* 我的.png */ = {isa = PBXFileReference; lastKnownFileType = image.png; path = "我的.png"; sourceTree = "<group>"; };
		4BBAEF622E2626CD0038485D /* 菜单黑.png */ = {isa = PBXFileReference; lastKnownFileType = image.png; path = "菜单黑.png"; sourceTree = "<group>"; };
		4BBAEF642E262C250038485D /* 网易云.jpg */ = {isa = PBXFileReference; lastKnownFileType = image.jpeg; path = "网易云.jpg"; sourceTree = "<group>"; };
		4BBAEF922E2632040038485D /* 听歌识曲.png */ = {isa = PBXFileReference; lastKnownFileType = image.png; path = "听歌识曲.png"; sourceTree = "<group>"; };
		4BBAEF972E2644670038485D /* firimage1.jpg */ = {isa = PBXFileReference; lastKnownFileType = image.jpeg; path = firimage1.jpg; sourceTree = "<group>"; };
		4BBAEF982E2644670038485D /* firimage2.jpg */ = {isa = PBXFileReference; lastKnownFileType = image.jpeg; path = firimage2.jpg; sourceTree = "<group>"; };
		4BBAEF992E2644670038485D /* firimage3.jpg */ = {isa = PBXFileReference; lastKnownFileType = image.jpeg; path = firimage3.jpg; sourceTree = "<group>"; };
		4BBAEF9A2E2644670038485D /* firimage4.jpg */ = {isa = PBXFileReference; lastKnownFileType = image.jpeg; path = firimage4.jpg; sourceTree = "<group>"; };
		4BBAEF9B2E2644670038485D /* firimage5.jpg */ = {isa = PBXFileReference; lastKnownFileType = image.jpeg; path = firimage5.jpg; sourceTree = "<group>"; };
		4BBAEFA12E2658330038485D /* secimage1.jpg */ = {isa = PBXFileReference; lastKnownFileType = image.jpeg; path = secimage1.jpg; sourceTree = "<group>"; };
		4BBAEFA22E2658330038485D /* secimage2.jpg */ = {isa = PBXFileReference; lastKnownFileType = image.jpeg; path = secimage2.jpg; sourceTree = "<group>"; };
		4BBAEFA32E2658330038485D /* secimage3.jpg */ = {isa = PBXFileReference; lastKnownFileType = image.jpeg; path = secimage3.jpg; sourceTree = "<group>"; };
		4BBAEFA42E2658330038485D /* secimage4.jpg */ = {isa = PBXFileReference; lastKnownFileType = image.jpeg; path = secimage4.jpg; sourceTree = "<group>"; };
		4BBAEFA52E2658330038485D /* secimage5.jpg */ = {isa = PBXFileReference; lastKnownFileType = image.jpeg; path = secimage5.jpg; sourceTree = "<group>"; };
		4BBAEFAB2E26583A0038485D /* secimage6.jpg */ = {isa = PBXFileReference; lastKnownFileType = image.jpeg; path = secimage6.jpg; sourceTree = "<group>"; };
/* End PBXFileReference section */

/* Begin PBXFileSystemSynchronizedBuildFileExceptionSet section */
		4BBAEECD2E25E1650038485D /* Exceptions for "网易云音乐" folder in "网易云音乐" target */ = {
			isa = PBXFileSystemSynchronizedBuildFileExceptionSet;
			membershipExceptions = (
				Info.plist,
			);
			target = 4BBAEE9F2E25E1630038485D /* 网易云音乐 */;
		};
/* End PBXFileSystemSynchronizedBuildFileExceptionSet section */

/* Begin PBXFileSystemSynchronizedRootGroup section */
		4BBAEEA22E25E1630038485D /* 网易云音乐 */ = {
			isa = PBXFileSystemSynchronizedRootGroup;
			exceptions = (
				4BBAEECD2E25E1650038485D /* Exceptions for "网易云音乐" folder in "网易云音乐" target */,
			);
			path = "网易云音乐";
			sourceTree = "<group>";
		};
		4BBAEEBE2E25E1650038485D /* 网易云音乐Tests */ = {
			isa = PBXFileSystemSynchronizedRootGroup;
			path = "网易云音乐Tests";
			sourceTree = "<group>";
		};
		4BBAEEC82E25E1650038485D /* 网易云音乐UITests */ = {
			isa = PBXFileSystemSynchronizedRootGroup;
			path = "网易云音乐UITests";
			sourceTree = "<group>";
		};
/* End PBXFileSystemSynchronizedRootGroup section */

/* Begin PBXFrameworksBuildPhase section */
		4BBAEE9D2E25E1630038485D /* Frameworks */ = {
			isa = PBXFrameworksBuildPhase;
			buildActionMask = 2147483647;
			files = (
			);
			runOnlyForDeploymentPostprocessing = 0;
		};
		4BBAEEB82E25E1650038485D /* Frameworks */ = {
			isa = PBXFrameworksBuildPhase;
			buildActionMask = 2147483647;
			files = (
			);
			runOnlyForDeploymentPostprocessing = 0;
		};
		4BBAEEC22E25E1650038485D /* Frameworks */ = {
			isa = PBXFrameworksBuildPhase;
			buildActionMask = 2147483647;
			files = (
			);
			runOnlyForDeploymentPostprocessing = 0;
		};
/* End PBXFrameworksBuildPhase section */

/* Begin PBXGroup section */
		4BBAEE972E25E1630038485D = {
			isa = PBXGroup;
			children = (
				4BBAEEA22E25E1630038485D /* 网易云音乐 */,
				4BBAEEBE2E25E1650038485D /* 网易云音乐Tests */,
				4BBAEEC82E25E1650038485D /* 网易云音乐UITests */,
				4BBAEEA12E25E1630038485D /* Products */,
				4BBAEF2D2E25F8FA0038485D /* 笔记.png */,
				4BBAEF2E2E25F8FA0038485D /* 推荐.png */,
				4BBAEF302E25F8FA0038485D /* 无限.png */,
				4BBAEF352E25F93C0038485D /* 我的.png */,
				4BBAEF622E2626CD0038485D /* 菜单黑.png */,
				4B63F7162E2A41D70033116D /* 播放.png */,
				4B63F7172E2A41D70033116D /* 开始播放.png */,
				4B63F5632E27955E0033116D /* 菜单白.png */,
				4B63F5672E2795E70033116D /* 三点白.png */,
				4BBAEF642E262C250038485D /* 网易云.jpg */,
				4B63F55D2E27905E0033116D /* 搜索白.png */,
				4BBAEF922E2632040038485D /* 听歌识曲.png */,
				4BBAEF972E2644670038485D /* firimage1.jpg */,
				4BBAEF982E2644670038485D /* firimage2.jpg */,
				4BBAEF992E2644670038485D /* firimage3.jpg */,
				4BBAEF9A2E2644670038485D /* firimage4.jpg */,
				4BBAEF9B2E2644670038485D /* firimage5.jpg */,
				4BBAEFA12E2658330038485D /* secimage1.jpg */,
				4BBAEFA22E2658330038485D /* secimage2.jpg */,
				4BBAEFA32E2658330038485D /* secimage3.jpg */,
				4BBAEFA42E2658330038485D /* secimage4.jpg */,
				4BBAEFA52E2658330038485D /* secimage5.jpg */,
				4BBAEFAB2E26583A0038485D /* secimage6.jpg */,
			);
			sourceTree = "<group>";
		};
		4BBAEEA12E25E1630038485D /* Products */ = {
			isa = PBXGroup;
			children = (
				4BBAEEA02E25E1630038485D /* 网易云音乐.app */,
				4BBAEEBB2E25E1650038485D /* 网易云音乐Tests.xctest */,
				4BBAEEC52E25E1650038485D /* 网易云音乐UITests.xctest */,
			);
			name = Products;
			sourceTree = "<group>";
		};
/* End PBXGroup section */

/* Begin PBXNativeTarget section */
		4BBAEE9F2E25E1630038485D /* 网易云音乐 */ = {
			isa = PBXNativeTarget;
			buildConfigurationList = 4BBAEECE2E25E1650038485D /* Build configuration list for PBXNativeTarget "网易云音乐" */;
			buildPhases = (
				4BBAEE9C2E25E1630038485D /* Sources */,
				4BBAEE9D2E25E1630038485D /* Frameworks */,
				4BBAEE9E2E25E1630038485D /* Resources */,
			);
			buildRules = (
			);
			dependencies = (
			);
			fileSystemSynchronizedGroups = (
				4BBAEEA22E25E1630038485D /* 网易云音乐 */,
			);
			name = "网易云音乐";
			packageProductDependencies = (
			);
			productName = "网易云音乐";
			productReference = 4BBAEEA02E25E1630038485D /* 网易云音乐.app */;
			productType = "com.apple.product-type.application";
		};
		4BBAEEBA2E25E1650038485D /* 网易云音乐Tests */ = {
			isa = PBXNativeTarget;
			buildConfigurationList = 4BBAEED32E25E1650038485D /* Build configuration list for PBXNativeTarget "网易云音乐Tests" */;
			buildPhases = (
				4BBAEEB72E25E1650038485D /* Sources */,
				4BBAEEB82E25E1650038485D /* Frameworks */,
				4BBAEEB92E25E1650038485D /* Resources */,
			);
			buildRules = (
			);
			dependencies = (
				4BBAEEBD2E25E1650038485D /* PBXTargetDependency */,
			);
			fileSystemSynchronizedGroups = (
				4BBAEEBE2E25E1650038485D /* 网易云音乐Tests */,
			);
			name = "网易云音乐Tests";
			packageProductDependencies = (
			);
			productName = "网易云音乐Tests";
			productReference = 4BBAEEBB2E25E1650038485D /* 网易云音乐Tests.xctest */;
			productType = "com.apple.product-type.bundle.unit-test";
		};
		4BBAEEC42E25E1650038485D /* 网易云音乐UITests */ = {
			isa = PBXNativeTarget;
			buildConfigurationList = 4BBAEED62E25E1650038485D /* Build configuration list for PBXNativeTarget "网易云音乐UITests" */;
			buildPhases = (
				4BBAEEC12E25E1650038485D /* Sources */,
				4BBAEEC22E25E1650038485D /* Frameworks */,
				4BBAEEC32E25E1650038485D /* Resources */,
			);
			buildRules = (
			);
			dependencies = (
				4BBAEEC72E25E1650038485D /* PBXTargetDependency */,
			);
			fileSystemSynchronizedGroups = (
				4BBAEEC82E25E1650038485D /* 网易云音乐UITests */,
			);
			name = "网易云音乐UITests";
			packageProductDependencies = (
			);
			productName = "网易云音乐UITests";
			productReference = 4BBAEEC52E25E1650038485D /* 网易云音乐UITests.xctest */;
			productType = "com.apple.product-type.bundle.ui-testing";
		};
/* End PBXNativeTarget section */

/* Begin PBXProject section */
		4BBAEE982E25E1630038485D /* Project object */ = {
			isa = PBXProject;
			attributes = {
				BuildIndependentTargetsInParallel = 1;
				LastUpgradeCheck = 1630;
				TargetAttributes = {
					4BBAEE9F2E25E1630038485D = {
						CreatedOnToolsVersion = 16.3;
					};
					4BBAEEBA2E25E1650038485D = {
						CreatedOnToolsVersion = 16.3;
						TestTargetID = 4BBAEE9F2E25E1630038485D;
					};
					4BBAEEC42E25E1650038485D = {
						CreatedOnToolsVersion = 16.3;
						TestTargetID = 4BBAEE9F2E25E1630038485D;
					};
				};
			};
			buildConfigurationList = 4BBAEE9B2E25E1630038485D /* Build configuration list for PBXProject "网易云音乐" */;
			developmentRegion = en;
			hasScannedForEncodings = 0;
			knownRegions = (
				en,
				Base,
			);
			mainGroup = 4BBAEE972E25E1630038485D;
			minimizedProjectReferenceProxies = 1;
			preferredProjectObjectVersion = 77;
			productRefGroup = 4BBAEEA12E25E1630038485D /* Products */;
			projectDirPath = "";
			projectRoot = "";
			targets = (
				4BBAEE9F2E25E1630038485D /* 网易云音乐 */,
				4BBAEEBA2E25E1650038485D /* 网易云音乐Tests */,
				4BBAEEC42E25E1650038485D /* 网易云音乐UITests */,
			);
		};
/* End PBXProject section */

/* Begin PBXResourcesBuildPhase section */
		4BBAEE9E2E25E1630038485D /* Resources */ = {
			isa = PBXResourcesBuildPhase;
			buildActionMask = 2147483647;
			files = (
				4B63F5642E27955E0033116D /* 菜单白.png in Resources */,
				4BBAEFA62E2658330038485D /* secimage4.jpg in Resources */,
				4BBAEFA72E2658330038485D /* secimage2.jpg in Resources */,
				4BBAEFA82E2658330038485D /* secimage5.jpg in Resources */,
				4BBAEFA92E2658330038485D /* secimage1.jpg in Resources */,
				4BBAEFAA2E2658330038485D /* secimage3.jpg in Resources */,
				4BBAEF932E2632040038485D /* 听歌识曲.png in Resources */,
				4BBAEF322E25F8FA0038485D /* 笔记.png in Resources */,
				4BBAEF9C2E2644670038485D /* firimage5.jpg in Resources */,
				4BBAEF9D2E2644670038485D /* firimage3.jpg in Resources */,
				4BBAEF9E2E2644670038485D /* firimage4.jpg in Resources */,
				4BBAEF9F2E2644670038485D /* firimage1.jpg in Resources */,
				4BBAEFA02E2644670038485D /* firimage2.jpg in Resources */,
				4BBAEF632E2626CD0038485D /* 菜单黑.png in Resources */,
				4B63F55E2E27905E0033116D /* 搜索白.png in Resources */,
				4BBAEF652E262C250038485D /* 网易云.jpg in Resources */,
				4BBAEF332E25F8FA0038485D /* 无限.png in Resources */,
				4BBAEF342E25F8FA0038485D /* 推荐.png in Resources */,
				4B63F5682E2795E80033116D /* 三点白.png in Resources */,
				4BBAEFAC2E26583A0038485D /* secimage6.jpg in Resources */,
				4B63F7182E2A41D70033116D /* 开始播放.png in Resources */,
				4B63F7192E2A41D70033116D /* 播放.png in Resources */,
				4BBAEF362E25F93C0038485D /* 我的.png in Resources */,
			);
			runOnlyForDeploymentPostprocessing = 0;
		};
		4BBAEEB92E25E1650038485D /* Resources */ = {
			isa = PBXResourcesBuildPhase;
			buildActionMask = 2147483647;
			files = (
			);
			runOnlyForDeploymentPostprocessing = 0;
		};
		4BBAEEC32E25E1650038485D /* Resources */ = {
			isa = PBXResourcesBuildPhase;
			buildActionMask = 2147483647;
			files = (
			);
			runOnlyForDeploymentPostprocessing = 0;
		};
/* End PBXResourcesBuildPhase section */

/* Begin PBXSourcesBuildPhase section */
		4BBAEE9C2E25E1630038485D /* Sources */ = {
			isa = PBXSourcesBuildPhase;
			buildActionMask = 2147483647;
			files = (
			);
			runOnlyForDeploymentPostprocessing = 0;
		};
		4BBAEEB72E25E1650038485D /* Sources */ = {
			isa = PBXSourcesBuildPhase;
			buildActionMask = 2147483647;
			files = (
			);
			runOnlyForDeploymentPostprocessing = 0;
		};
		4BBAEEC12E25E1650038485D /* Sources */ = {
			isa = PBXSourcesBuildPhase;
			buildActionMask = 2147483647;
			files = (
			);
			runOnlyForDeploymentPostprocessing = 0;
		};
/* End PBXSourcesBuildPhase section */

/* Begin PBXTargetDependency section */
		4BBAEEBD2E25E1650038485D /* PBXTargetDependency */ = {
			isa = PBXTargetDependency;
			target = 4BBAEE9F2E25E1630038485D /* 网易云音乐 */;
			targetProxy = 4BBAEEBC2E25E1650038485D /* PBXContainerItemProxy */;
		};
		4BBAEEC72E25E1650038485D /* PBXTargetDependency */ = {
			isa = PBXTargetDependency;
			target = 4BBAEE9F2E25E1630038485D /* 网易云音乐 */;
			targetProxy = 4BBAEEC62E25E1650038485D /* PBXContainerItemProxy */;
		};
/* End PBXTargetDependency section */

/* Begin XCBuildConfiguration section */
		4BBAEECF2E25E1650038485D /* Debug */ = {
			isa = XCBuildConfiguration;
			buildSettings = {
				ASSETCATALOG_COMPILER_APPICON_NAME = AppIcon;
				ASSETCATALOG_COMPILER_GLOBAL_ACCENT_COLOR_NAME = AccentColor;
				CODE_SIGN_STYLE = Automatic;
				CURRENT_PROJECT_VERSION = 1;
				GENERATE_INFOPLIST_FILE = YES;
				INFOPLIST_FILE = "网易云音乐/Info.plist";
				INFOPLIST_KEY_UIApplicationSupportsIndirectInputEvents = YES;
				INFOPLIST_KEY_UILaunchStoryboardName = LaunchScreen;
				INFOPLIST_KEY_UIMainStoryboardFile = Main;
				INFOPLIST_KEY_UISupportedInterfaceOrientations_iPad = "UIInterfaceOrientationPortrait UIInterfaceOrientationPortraitUpsideDown UIInterfaceOrientationLandscapeLeft UIInterfaceOrientationLandscapeRight";
				INFOPLIST_KEY_UISupportedInterfaceOrientations_iPhone = "UIInterfaceOrientationPortrait UIInterfaceOrientationLandscapeLeft UIInterfaceOrientationLandscapeRight";
				LD_RUNPATH_SEARCH_PATHS = (
					"$(inherited)",
					"@executable_path/Frameworks",
				);
				MARKETING_VERSION = 1.0;
				PRODUCT_BUNDLE_IDENTIFIER = "y.-----";
				PRODUCT_NAME = "$(TARGET_NAME)";
				SWIFT_EMIT_LOC_STRINGS = YES;
				TARGETED_DEVICE_FAMILY = "1,2";
			};
			name = Debug;
		};
		4BBAEED02E25E1650038485D /* Release */ = {
			isa = XCBuildConfiguration;
			buildSettings = {
				ASSETCATALOG_COMPILER_APPICON_NAME = AppIcon;
				ASSETCATALOG_COMPILER_GLOBAL_ACCENT_COLOR_NAME = AccentColor;
				CODE_SIGN_STYLE = Automatic;
				CURRENT_PROJECT_VERSION = 1;
				GENERATE_INFOPLIST_FILE = YES;
				INFOPLIST_FILE = "网易云音乐/Info.plist";
				INFOPLIST_KEY_UIApplicationSupportsIndirectInputEvents = YES;
				INFOPLIST_KEY_UILaunchStoryboardName = LaunchScreen;
				INFOPLIST_KEY_UIMainStoryboardFile = Main;
				INFOPLIST_KEY_UISupportedInterfaceOrientations_iPad = "UIInterfaceOrientationPortrait UIInterfaceOrientationPortraitUpsideDown UIInterfaceOrientationLandscapeLeft UIInterfaceOrientationLandscapeRight";
				INFOPLIST_KEY_UISupportedInterfaceOrientations_iPhone = "UIInterfaceOrientationPortrait UIInterfaceOrientationLandscapeLeft UIInterfaceOrientationLandscapeRight";
				LD_RUNPATH_SEARCH_PATHS = (
					"$(inherited)",
					"@executable_path/Frameworks",
				);
				MARKETING_VERSION = 1.0;
				PRODUCT_BUNDLE_IDENTIFIER = "y.-----";
				PRODUCT_NAME = "$(TARGET_NAME)";
				SWIFT_EMIT_LOC_STRINGS = YES;
				TARGETED_DEVICE_FAMILY = "1,2";
			};
			name = Release;
		};
		4BBAEED12E25E1650038485D /* Debug */ = {
			isa = XCBuildConfiguration;
			buildSettings = {
				ALWAYS_SEARCH_USER_PATHS = NO;
				ASSETCATALOG_COMPILER_GENERATE_SWIFT_ASSET_SYMBOL_EXTENSIONS = YES;
				CLANG_ANALYZER_NONNULL = YES;
				CLANG_ANALYZER_NUMBER_OBJECT_CONVERSION = YES_AGGRESSIVE;
				CLANG_CXX_LANGUAGE_STANDARD = "gnu++20";
				CLANG_ENABLE_MODULES = YES;
				CLANG_ENABLE_OBJC_ARC = YES;
				CLANG_ENABLE_OBJC_WEAK = YES;
				CLANG_WARN_BLOCK_CAPTURE_AUTORELEASING = YES;
				CLANG_WARN_BOOL_CONVERSION = YES;
				CLANG_WARN_COMMA = YES;
				CLANG_WARN_CONSTANT_CONVERSION = YES;
				CLANG_WARN_DEPRECATED_OBJC_IMPLEMENTATIONS = YES;
				CLANG_WARN_DIRECT_OBJC_ISA_USAGE = YES_ERROR;
				CLANG_WARN_DOCUMENTATION_COMMENTS = YES;
				CLANG_WARN_EMPTY_BODY = YES;
				CLANG_WARN_ENUM_CONVERSION = YES;
				CLANG_WARN_INFINITE_RECURSION = YES;
				CLANG_WARN_INT_CONVERSION = YES;
				CLANG_WARN_NON_LITERAL_NULL_CONVERSION = YES;
				CLANG_WARN_OBJC_IMPLICIT_RETAIN_SELF = YES;
				CLANG_WARN_OBJC_LITERAL_CONVERSION = YES;
				CLANG_WARN_OBJC_ROOT_CLASS = YES_ERROR;
				CLANG_WARN_QUOTED_INCLUDE_IN_FRAMEWORK_HEADER = YES;
				CLANG_WARN_RANGE_LOOP_ANALYSIS = YES;
				CLANG_WARN_STRICT_PROTOTYPES = YES;
				CLANG_WARN_SUSPICIOUS_MOVE = YES;
				CLANG_WARN_UNGUARDED_AVAILABILITY = YES_AGGRESSIVE;
				CLANG_WARN_UNREACHABLE_CODE = YES;
				CLANG_WARN__DUPLICATE_METHOD_MATCH = YES;
				COPY_PHASE_STRIP = NO;
				DEBUG_INFORMATION_FORMAT = dwarf;
				ENABLE_STRICT_OBJC_MSGSEND = YES;
				ENABLE_TESTABILITY = YES;
				ENABLE_USER_SCRIPT_SANDBOXING = YES;
				GCC_C_LANGUAGE_STANDARD = gnu17;
				GCC_DYNAMIC_NO_PIC = NO;
				GCC_NO_COMMON_BLOCKS = YES;
				GCC_OPTIMIZATION_LEVEL = 0;
				GCC_PREPROCESSOR_DEFINITIONS = (
					"DEBUG=1",
					"$(inherited)",
				);
				GCC_WARN_64_TO_32_BIT_CONVERSION = YES;
				GCC_WARN_ABOUT_RETURN_TYPE = YES_ERROR;
				GCC_WARN_UNDECLARED_SELECTOR = YES;
				GCC_WARN_UNINITIALIZED_AUTOS = YES_AGGRESSIVE;
				GCC_WARN_UNUSED_FUNCTION = YES;
				GCC_WARN_UNUSED_VARIABLE = YES;
				IPHONEOS_DEPLOYMENT_TARGET = 18.4;
				LOCALIZATION_PREFERS_STRING_CATALOGS = YES;
				MTL_ENABLE_DEBUG_INFO = INCLUDE_SOURCE;
				MTL_FAST_MATH = YES;
				ONLY_ACTIVE_ARCH = YES;
				SDKROOT = iphoneos;
			};
			name = Debug;
		};
		4BBAEED22E25E1650038485D /* Release */ = {
			isa = XCBuildConfiguration;
			buildSettings = {
				ALWAYS_SEARCH_USER_PATHS = NO;
				ASSETCATALOG_COMPILER_GENERATE_SWIFT_ASSET_SYMBOL_EXTENSIONS = YES;
				CLANG_ANALYZER_NONNULL = YES;
				CLANG_ANALYZER_NUMBER_OBJECT_CONVERSION = YES_AGGRESSIVE;
				CLANG_CXX_LANGUAGE_STANDARD = "gnu++20";
				CLANG_ENABLE_MODULES = YES;
				CLANG_ENABLE_OBJC_ARC = YES;
				CLANG_ENABLE_OBJC_WEAK = YES;
				CLANG_WARN_BLOCK_CAPTURE_AUTORELEASING = YES;
				CLANG_WARN_BOOL_CONVERSION = YES;
				CLANG_WARN_COMMA = YES;
				CLANG_WARN_CONSTANT_CONVERSION = YES;
				CLANG_WARN_DEPRECATED_OBJC_IMPLEMENTATIONS = YES;
				CLANG_WARN_DIRECT_OBJC_ISA_USAGE = YES_ERROR;
				CLANG_WARN_DOCUMENTATION_COMMENTS = YES;
				CLANG_WARN_EMPTY_BODY = YES;
				CLANG_WARN_ENUM_CONVERSION = YES;
				CLANG_WARN_INFINITE_RECURSION = YES;
				CLANG_WARN_INT_CONVERSION = YES;
				CLANG_WARN_NON_LITERAL_NULL_CONVERSION = YES;
				CLANG_WARN_OBJC_IMPLICIT_RETAIN_SELF = YES;
				CLANG_WARN_OBJC_LITERAL_CONVERSION = YES;
				CLANG_WARN_OBJC_ROOT_CLASS = YES_ERROR;
				CLANG_WARN_QUOTED_INCLUDE_IN_FRAMEWORK_HEADER = YES;
				CLANG_WARN_RANGE_LOOP_ANALYSIS = YES;
				CLANG_WARN_STRICT_PROTOTYPES = YES;
				CLANG_WARN_SUSPICIOUS_MOVE = YES;
				CLANG_WARN_UNGUARDED_AVAILABILITY = YES_AGGRESSIVE;
				CLANG_WARN_UNREACHABLE_CODE = YES;
				CLANG_WARN__DUPLICATE_METHOD_MATCH = YES;
				COPY_PHASE_STRIP = NO;
				DEBUG_INFORMATION_FORMAT = "dwarf-with-dsym";
				ENABLE_NS_ASSERTIONS = NO;
				ENABLE_STRICT_OBJC_MSGSEND = YES;
				ENABLE_USER_SCRIPT_SANDBOXING = YES;
				GCC_C_LANGUAGE_STANDARD = gnu17;
				GCC_NO_COMMON_BLOCKS = YES;
				GCC_WARN_64_TO_32_BIT_CONVERSION = YES;
				GCC_WARN_ABOUT_RETURN_TYPE = YES_ERROR;
				GCC_WARN_UNDECLARED_SELECTOR = YES;
				GCC_WARN_UNINITIALIZED_AUTOS = YES_AGGRESSIVE;
				GCC_WARN_UNUSED_FUNCTION = YES;
				GCC_WARN_UNUSED_VARIABLE = YES;
				IPHONEOS_DEPLOYMENT_TARGET = 18.4;
				LOCALIZATION_PREFERS_STRING_CATALOGS = YES;
				MTL_ENABLE_DEBUG_INFO = NO;
				MTL_FAST_MATH = YES;
				SDKROOT = iphoneos;
				VALIDATE_PRODUCT = YES;
			};
			name = Release;
		};
		4BBAEED42E25E1650038485D /* Debug */ = {
			isa = XCBuildConfiguration;
			buildSettings = {
				BUNDLE_LOADER = "$(TEST_HOST)";
				CODE_SIGN_STYLE = Automatic;
				CURRENT_PROJECT_VERSION = 1;
				GENERATE_INFOPLIST_FILE = YES;
				IPHONEOS_DEPLOYMENT_TARGET = 18.4;
				MARKETING_VERSION = 1.0;
				PRODUCT_BUNDLE_IDENTIFIER = "y.-----Tests";
				PRODUCT_NAME = "$(TARGET_NAME)";
				SWIFT_EMIT_LOC_STRINGS = NO;
				TARGETED_DEVICE_FAMILY = "1,2";
				TEST_HOST = "$(BUILT_PRODUCTS_DIR)/网易云音乐.app/$(BUNDLE_EXECUTABLE_FOLDER_PATH)/网易云音乐";
			};
			name = Debug;
		};
		4BBAEED52E25E1650038485D /* Release */ = {
			isa = XCBuildConfiguration;
			buildSettings = {
				BUNDLE_LOADER = "$(TEST_HOST)";
				CODE_SIGN_STYLE = Automatic;
				CURRENT_PROJECT_VERSION = 1;
				GENERATE_INFOPLIST_FILE = YES;
				IPHONEOS_DEPLOYMENT_TARGET = 18.4;
				MARKETING_VERSION = 1.0;
				PRODUCT_BUNDLE_IDENTIFIER = "y.-----Tests";
				PRODUCT_NAME = "$(TARGET_NAME)";
				SWIFT_EMIT_LOC_STRINGS = NO;
				TARGETED_DEVICE_FAMILY = "1,2";
				TEST_HOST = "$(BUILT_PRODUCTS_DIR)/网易云音乐.app/$(BUNDLE_EXECUTABLE_FOLDER_PATH)/网易云音乐";
			};
			name = Release;
		};
		4BBAEED72E25E1650038485D /* Debug */ = {
			isa = XCBuildConfiguration;
			buildSettings = {
				CODE_SIGN_STYLE = Automatic;
				CURRENT_PROJECT_VERSION = 1;
				GENERATE_INFOPLIST_FILE = YES;
				MARKETING_VERSION = 1.0;
				PRODUCT_BUNDLE_IDENTIFIER = "y.-----UITests";
				PRODUCT_NAME = "$(TARGET_NAME)";
				SWIFT_EMIT_LOC_STRINGS = NO;
				TARGETED_DEVICE_FAMILY = "1,2";
				TEST_TARGET_NAME = "网易云音乐";
			};
			name = Debug;
		};
		4BBAEED82E25E1650038485D /* Release */ = {
			isa = XCBuildConfiguration;
			buildSettings = {
				CODE_SIGN_STYLE = Automatic;
				CURRENT_PROJECT_VERSION = 1;
				GENERATE_INFOPLIST_FILE = YES;
				MARKETING_VERSION = 1.0;
				PRODUCT_BUNDLE_IDENTIFIER = "y.-----UITests";
				PRODUCT_NAME = "$(TARGET_NAME)";
				SWIFT_EMIT_LOC_STRINGS = NO;
				TARGETED_DEVICE_FAMILY = "1,2";
				TEST_TARGET_NAME = "网易云音乐";
			};
			name = Release;
		};
/* End XCBuildConfiguration section */

/* Begin XCConfigurationList section */
		4BBAEE9B2E25E1630038485D /* Build configuration list for PBXProject "网易云音乐" */ = {
			isa = XCConfigurationList;
			buildConfigurations = (
				4BBAEED12E25E1650038485D /* Debug */,
				4BBAEED22E25E1650038485D /* Release */,
			);
			defaultConfigurationIsVisible = 0;
			defaultConfigurationName = Release;
		};
		4BBAEECE2E25E1650038485D /* Build configuration list for PBXNativeTarget "网易云音乐" */ = {
			isa = XCConfigurationList;
			buildConfigurations = (
				4BBAEECF2E25E1650038485D /* Debug */,
				4BBAEED02E25E1650038485D /* Release */,
			);
			defaultConfigurationIsVisible = 0;
			defaultConfigurationName = Release;
		};
		4BBAEED32E25E1650038485D /* Build configuration list for PBXNativeTarget "网易云音乐Tests" */ = {
			isa = XCConfigurationList;
			buildConfigurations = (
				4BBAEED42E25E1650038485D /* Debug */,
				4BBAEED52E25E1650038485D /* Release */,
			);
			defaultConfigurationIsVisible = 0;
			defaultConfigurationName = Release;
		};
		4BBAEED62E25E1650038485D /* Build configuration list for PBXNativeTarget "网易云音乐UITests" */ = {
			isa = XCConfigurationList;
			buildConfigurations = (
				4BBAEED72E25E1650038485D /* Debug */,
				4BBAEED82E25E1650038485D /* Release */,
			);
			defaultConfigurationIsVisible = 0;
			defaultConfigurationName = Release;
		};
/* End XCConfigurationList section */
	};
	rootObject = 4BBAEE982E25E1630038485D /* Project object */;
}
